Microsoft Visual Studio Solution File, Format Version 12.00
# Visual Studio Version 17
VisualStudioVersion = 17.5.2.0
MinimumVisualStudioVersion = 10.0.40219.1
Project("{FAE04EC0-301F-11D3-BF4B-00C04F79EFBC}") = "FLISoL.Demo.WebApp", "src\FLISoL.Demo.WebApp.csproj", "{C6C107E2-9FDB-20D0-1E5F-B8F77518879A}"
EndProject
Global
	GlobalSection(SolutionConfigurationPlatforms) = preSolution
		Debug|Any CPU = Debug|Any CPU
		Release|Any CPU = Release|Any CPU
	EndGlobalSection
	GlobalSection(ProjectConfigurationPlatforms) = postSolution
		{C6C107E2-9FDB-20D0-1E5F-B8F77518879A}.Debug|Any CPU.ActiveCfg = Debug|Any CPU
		{C6C107E2-9FDB-20D0-1E5F-B8F77518879A}.Debug|Any CPU.Build.0 = Debug|Any CPU
		{C6C107E2-9FDB-20D0-1E5F-B8F77518879A}.Release|Any CPU.ActiveCfg = Release|Any CPU
		{C6C107E2-9FDB-20D0-1E5F-B8F77518879A}.Release|Any CPU.Build.0 = Release|Any CPU
	EndGlobalSection
	GlobalSection(SolutionProperties) = preSolution
		HideSolutionNode = FALSE
	EndGlobalSection
	GlobalSection(ExtensibilityGlobals) = postSolution
		SolutionGuid = {D88C9312-A736-46FB-82A8-27919A0305B3}
	EndGlobalSection
EndGlobal
